
Microsoft Visual Studio Solution File, Format Version 12.00
# Visual Studio Version 17
VisualStudioVersion = 17.5.33627.172
MinimumVisualStudioVersion = 10.0.40219.1
Project("{FAE04EC0-301F-11D3-BF4B-00C04F79EFBC}") = "SampleBookStore", "SampleBookStore.csproj", "{D250E8A3-4263-4EAA-8EF2-CE26894C7841}"
EndProject
Global
	GlobalSection(SolutionConfigurationPlatforms) = preSolution
		Debug|Any CPU = Debug|Any CPU
		Release|Any CPU = Release|Any CPU
	EndGlobalSection
	GlobalSection(ProjectConfigurationPlatforms) = postSolution
		{D250E8A3-4263-4EAA-8EF2-CE26894C7841}.Debug|Any CPU.ActiveCfg = Debug|Any CPU
		{D250E8A3-4263-4EAA-8EF2-CE26894C7841}.Debug|Any CPU.Build.0 = Debug|Any CPU
		{D250E8A3-4263-4EAA-8EF2-CE26894C7841}.Release|Any CPU.ActiveCfg = Release|Any CPU
		{D250E8A3-4263-4EAA-8EF2-CE26894C7841}.Release|Any CPU.Build.0 = Release|Any CPU
	EndGlobalSection
	GlobalSection(SolutionProperties) = preSolution
		HideSolutionNode = FALSE
	EndGlobalSection
	GlobalSection(ExtensibilityGlobals) = postSolution
		SolutionGuid = {3B3E551D-2963-47D0-BAE3-24669F058840}
	EndGlobalSection
EndGlobal
